{
  "name": "hrm",
  "version": "1.0.0",
  "lockfileVersion": 3,
  "requires": true,
  "description": "HRM System",
  "main": "index.js",
  "packages": {
    "": {
      "name": "hrm",
      "version": "1.0.0",
      "license": "ISC"
    }
  },
  "scripts": {
    "build:css": "tailwindcss build styles.css -o output.css"
  }
}
